
Microsoft Visual Studio Solution File, Format Version 12.00
Project("{FAE04EC0-301F-11D3-BF4B-00C04F79EFBC}") = "Cwiczenie7", "Cwiczenie7.csproj", "{30C7B70E-63B5-4A88-BCBF-96B5E910E073}"
EndProject
Global
	GlobalSection(SolutionConfigurationPlatforms) = preSolution
		Debug|Any CPU = Debug|Any CPU
		Release|Any CPU = Release|Any CPU
	EndGlobalSection
	GlobalSection(ProjectConfigurationPlatforms) = postSolution
		{30C7B70E-63B5-4A88-BCBF-96B5E910E073}.Debug|Any CPU.ActiveCfg = Debug|Any CPU
		{30C7B70E-63B5-4A88-BCBF-96B5E910E073}.Debug|Any CPU.Build.0 = Debug|Any CPU
		{30C7B70E-63B5-4A88-BCBF-96B5E910E073}.Release|Any CPU.ActiveCfg = Release|Any CPU
		{30C7B70E-63B5-4A88-BCBF-96B5E910E073}.Release|Any CPU.Build.0 = Release|Any CPU
	EndGlobalSection
EndGlobal
